// !$*UTF8*$!
{
	archiveVersion = 1;
	classes = {
	};
	objectVersion = 55;
	objects = {

/* Begin PBXBuildFile section */
		8130A5C727FE6283002E9262 /* GoogleService-Info.plist in Resources */ = {isa = PBXBuildFile; fileRef = 8130A5C627FE6283002E9262 /* GoogleService-Info.plist */; };
		8130A5CA27FE63CF002E9262 /* FirebaseAnalytics in Frameworks */ = {isa = PBXBuildFile; productRef = 8130A5C927FE63CF002E9262 /* FirebaseAnalytics */; };
		8130A5CC27FE63CF002E9262 /* FirebaseAuth in Frameworks */ = {isa = PBXBuildFile; productRef = 8130A5CB27FE63CF002E9262 /* FirebaseAuth */; };
		8130A5CE27FE63CF002E9262 /* FirebaseDatabase in Frameworks */ = {isa = PBXBuildFile; productRef = 8130A5CD27FE63CF002E9262 /* FirebaseDatabase */; };
		8130A5D027FE63CF002E9262 /* FirebaseFirestore in Frameworks */ = {isa = PBXBuildFile; productRef = 8130A5CF27FE63CF002E9262 /* FirebaseFirestore */; };
		8130A5D227FE63CF002E9262 /* FirebaseStorage in Frameworks */ = {isa = PBXBuildFile; productRef = 8130A5D127FE63CF002E9262 /* FirebaseStorage */; };
		8130A5D627FE6836002E9262 /* DataService.swift in Sources */ = {isa = PBXBuildFile; fileRef = 8130A5D527FE6836002E9262 /* DataService.swift */; };
		8181903C27CE7BB700B8FEB8 /* TestsApp.swift in Sources */ = {isa = PBXBuildFile; fileRef = 8181903B27CE7BB700B8FEB8 /* TestsApp.swift */; };
		8181903E27CE7BB700B8FEB8 /* ContentView.swift in Sources */ = {isa = PBXBuildFile; fileRef = 8181903D27CE7BB700B8FEB8 /* ContentView.swift */; };
		8181904027CE7BB800B8FEB8 /* Assets.xcassets in Resources */ = {isa = PBXBuildFile; fileRef = 8181903F27CE7BB800B8FEB8 /* Assets.xcassets */; };
		8181904327CE7BB800B8FEB8 /* Preview Assets.xcassets in Resources */ = {isa = PBXBuildFile; fileRef = 8181904227CE7BB800B8FEB8 /* Preview Assets.xcassets */; };
		8181904A27CE824E00B8FEB8 /* ItemRow.swift in Sources */ = {isa = PBXBuildFile; fileRef = 8181904927CE824E00B8FEB8 /* ItemRow.swift */; };
		8181904C27CEC0BB00B8FEB8 /* ToolbarExample.swift in Sources */ = {isa = PBXBuildFile; fileRef = 8181904B27CEC0BB00B8FEB8 /* ToolbarExample.swift */; };
		8181904F27CEC28700B8FEB8 /* Item.swift in Sources */ = {isa = PBXBuildFile; fileRef = 8181904E27CEC28700B8FEB8 /* Item.swift */; };
		8181905227CEC2C500B8FEB8 /* ItemListViewModel.swift in Sources */ = {isa = PBXBuildFile; fileRef = 8181905127CEC2C500B8FEB8 /* ItemListViewModel.swift */; };
		81B761672804861A002D4A1D /* View.swift in Sources */ = {isa = PBXBuildFile; fileRef = 81B761662804861A002D4A1D /* View.swift */; };
		81B7616A28048658002D4A1D /* TextFieldModifier.swift in Sources */ = {isa = PBXBuildFile; fileRef = 81B7616928048658002D4A1D /* TextFieldModifier.swift */; };
/* End PBXBuildFile section */

/* Begin PBXFileReference section */
		8130A5C627FE6283002E9262 /* GoogleService-Info.plist */ = {isa = PBXFileReference; fileEncoding = 4; lastKnownFileType = text.plist.xml; path = "GoogleService-Info.plist"; sourceTree = "<group>"; };
		8130A5D527FE6836002E9262 /* DataService.swift */ = {isa = PBXFileReference; lastKnownFileType = sourcecode.swift; path = DataService.swift; sourceTree = "<group>"; };
		8181903827CE7BB700B8FEB8 /* Tests.app */ = {isa = PBXFileReference; explicitFileType = wrapper.application; includeInIndex = 0; path = Tests.app; sourceTree = BUILT_PRODUCTS_DIR; };
		8181903B27CE7BB700B8FEB8 /* TestsApp.swift */ = {isa = PBXFileReference; lastKnownFileType = sourcecode.swift; path = TestsApp.swift; sourceTree = "<group>"; };
		8181903D27CE7BB700B8FEB8 /* ContentView.swift */ = {isa = PBXFileReference; lastKnownFileType = sourcecode.swift; path = ContentView.swift; sourceTree = "<group>"; };
		8181903F27CE7BB800B8FEB8 /* Assets.xcassets */ = {isa = PBXFileReference; lastKnownFileType = folder.assetcatalog; path = Assets.xcassets; sourceTree = "<group>"; };
		8181904227CE7BB800B8FEB8 /* Preview Assets.xcassets */ = {isa = PBXFileReference; lastKnownFileType = folder.assetcatalog; path = "Preview Assets.xcassets"; sourceTree = "<group>"; };
		8181904927CE824E00B8FEB8 /* ItemRow.swift */ = {isa = PBXFileReference; lastKnownFileType = sourcecode.swift; path = ItemRow.swift; sourceTree = "<group>"; };
		8181904B27CEC0BB00B8FEB8 /* ToolbarExample.swift */ = {isa = PBXFileReference; lastKnownFileType = sourcecode.swift; path = ToolbarExample.swift; sourceTree = "<group>"; };
		8181904E27CEC28700B8FEB8 /* Item.swift */ = {isa = PBXFileReference; lastKnownFileType = sourcecode.swift; path = Item.swift; sourceTree = "<group>"; };
		8181905127CEC2C500B8FEB8 /* ItemListViewModel.swift */ = {isa = PBXFileReference; lastKnownFileType = sourcecode.swift; path = ItemListViewModel.swift; sourceTree = "<group>"; };
		81B761662804861A002D4A1D /* View.swift */ = {isa = PBXFileReference; lastKnownFileType = sourcecode.swift; path = View.swift; sourceTree = "<group>"; };
		81B7616928048658002D4A1D /* TextFieldModifier.swift */ = {isa = PBXFileReference; lastKnownFileType = sourcecode.swift; path = TextFieldModifier.swift; sourceTree = "<group>"; };
/* End PBXFileReference section */

/* Begin PBXFrameworksBuildPhase section */
		8181903527CE7BB700B8FEB8 /* Frameworks */ = {
			isa = PBXFrameworksBuildPhase;
			buildActionMask = 2147483647;
			files = (
				8130A5CE27FE63CF002E9262 /* FirebaseDatabase in Frameworks */,
				8130A5D027FE63CF002E9262 /* FirebaseFirestore in Frameworks */,
				8130A5CA27FE63CF002E9262 /* FirebaseAnalytics in Frameworks */,
				8130A5D227FE63CF002E9262 /* FirebaseStorage in Frameworks */,
				8130A5CC27FE63CF002E9262 /* FirebaseAuth in Frameworks */,
			);
			runOnlyForDeploymentPostprocessing = 0;
		};
/* End PBXFrameworksBuildPhase section */

/* Begin PBXGroup section */
		8130A5D327FE6809002E9262 /* Services */ = {
			isa = PBXGroup;
			children = (
				8130A5D427FE6816002E9262 /* Firebase */,
			);
			path = Services;
			sourceTree = "<group>";
		};
		8130A5D427FE6816002E9262 /* Firebase */ = {
			isa = PBXGroup;
			children = (
				8130A5D527FE6836002E9262 /* DataService.swift */,
			);
			path = Firebase;
			sourceTree = "<group>";
		};
		8181902F27CE7BB700B8FEB8 = {
			isa = PBXGroup;
			children = (
				8181903A27CE7BB700B8FEB8 /* Tests */,
				8181903927CE7BB700B8FEB8 /* Products */,
			);
			sourceTree = "<group>";
		};
		8181903927CE7BB700B8FEB8 /* Products */ = {
			isa = PBXGroup;
			children = (
				8181903827CE7BB700B8FEB8 /* Tests.app */,
			);
			name = Products;
			sourceTree = "<group>";
		};
		8181903A27CE7BB700B8FEB8 /* Tests */ = {
			isa = PBXGroup;
			children = (
				8181903B27CE7BB700B8FEB8 /* TestsApp.swift */,
				81B7616828048627002D4A1D /* Utilities */,
				81B761652804860E002D4A1D /* Extensions */,
				8130A5D327FE6809002E9262 /* Services */,
				8181904D27CEC26B00B8FEB8 /* Model */,
				818A08FF27D7A534003558FC /* ViewModel */,
				8181905027CEC2A000B8FEB8 /* Views */,
				8181904B27CEC0BB00B8FEB8 /* ToolbarExample.swift */,
				8181903F27CE7BB800B8FEB8 /* Assets.xcassets */,
				8130A5C627FE6283002E9262 /* GoogleService-Info.plist */,
				8181904127CE7BB800B8FEB8 /* Preview Content */,
			);
			path = Tests;
			sourceTree = "<group>";
		};
		8181904127CE7BB800B8FEB8 /* Preview Content */ = {
			isa = PBXGroup;
			children = (
				8181904227CE7BB800B8FEB8 /* Preview Assets.xcassets */,
			);
			path = "Preview Content";
			sourceTree = "<group>";
		};
		8181904D27CEC26B00B8FEB8 /* Model */ = {
			isa = PBXGroup;
			children = (
				8181904E27CEC28700B8FEB8 /* Item.swift */,
			);
			path = Model;
			sourceTree = "<group>";
		};
		8181905027CEC2A000B8FEB8 /* Views */ = {
			isa = PBXGroup;
			children = (
				8181903D27CE7BB700B8FEB8 /* ContentView.swift */,
				8181904927CE824E00B8FEB8 /* ItemRow.swift */,
			);
			path = Views;
			sourceTree = "<group>";
		};
		818A08FF27D7A534003558FC /* ViewModel */ = {
			isa = PBXGroup;
			children = (
				8181905127CEC2C500B8FEB8 /* ItemListViewModel.swift */,
			);
			path = ViewModel;
			sourceTree = "<group>";
		};
		81B761652804860E002D4A1D /* Extensions */ = {
			isa = PBXGroup;
			children = (
				81B761662804861A002D4A1D /* View.swift */,
			);
			path = Extensions;
			sourceTree = "<group>";
		};
		81B7616828048627002D4A1D /* Utilities */ = {
			isa = PBXGroup;
			children = (
				81B7616928048658002D4A1D /* TextFieldModifier.swift */,
			);
			path = Utilities;
			sourceTree = "<group>";
		};
/* End PBXGroup section */

/* Begin PBXNativeTarget section */
		8181903727CE7BB700B8FEB8 /* Tests */ = {
			isa = PBXNativeTarget;
			buildConfigurationList = 8181904627CE7BB800B8FEB8 /* Build configuration list for PBXNativeTarget "Tests" */;
			buildPhases = (
				8181903427CE7BB700B8FEB8 /* Sources */,
				8181903527CE7BB700B8FEB8 /* Frameworks */,
				8181903627CE7BB700B8FEB8 /* Resources */,
			);
			buildRules = (
			);
			dependencies = (
			);
			name = Tests;
			packageProductDependencies = (
				8130A5C927FE63CF002E9262 /* FirebaseAnalytics */,
				8130A5CB27FE63CF002E9262 /* FirebaseAuth */,
				8130A5CD27FE63CF002E9262 /* FirebaseDatabase */,
				8130A5CF27FE63CF002E9262 /* FirebaseFirestore */,
				8130A5D127FE63CF002E9262 /* FirebaseStorage */,
			);
			productName = Tests;
			productReference = 8181903827CE7BB700B8FEB8 /* Tests.app */;
			productType = "com.apple.product-type.application";
		};
/* End PBXNativeTarget section */

/* Begin PBXProject section */
		8181903027CE7BB700B8FEB8 /* Project object */ = {
			isa = PBXProject;
			attributes = {
				BuildIndependentTargetsInParallel = 1;
				LastSwiftUpdateCheck = 1320;
				LastUpgradeCheck = 1320;
				TargetAttributes = {
					8181903727CE7BB700B8FEB8 = {
						CreatedOnToolsVersion = 13.2.1;
					};
				};
			};
			buildConfigurationList = 8181903327CE7BB700B8FEB8 /* Build configuration list for PBXProject "Tests" */;
			compatibilityVersion = "Xcode 13.0";
			developmentRegion = en;
			hasScannedForEncodings = 0;
			knownRegions = (
				en,
				Base,
			);
			mainGroup = 8181902F27CE7BB700B8FEB8;
			packageReferences = (
				8130A5C827FE63CF002E9262 /* XCRemoteSwiftPackageReference "firebase-ios-sdk" */,
			);
			productRefGroup = 8181903927CE7BB700B8FEB8 /* Products */;
			projectDirPath = "";
			projectRoot = "";
			targets = (
				8181903727CE7BB700B8FEB8 /* Tests */,
			);
		};
/* End PBXProject section */

/* Begin PBXResourcesBuildPhase section */
		8181903627CE7BB700B8FEB8 /* Resources */ = {
			isa = PBXResourcesBuildPhase;
			buildActionMask = 2147483647;
			files = (
				8181904327CE7BB800B8FEB8 /* Preview Assets.xcassets in Resources */,
				8181904027CE7BB800B8FEB8 /* Assets.xcassets in Resources */,
				8130A5C727FE6283002E9262 /* GoogleService-Info.plist in Resources */,
			);
			runOnlyForDeploymentPostprocessing = 0;
		};
/* End PBXResourcesBuildPhase section */

/* Begin PBXSourcesBuildPhase section */
		8181903427CE7BB700B8FEB8 /* Sources */ = {
			isa = PBXSourcesBuildPhase;
			buildActionMask = 2147483647;
			files = (
				81B761672804861A002D4A1D /* View.swift in Sources */,
				8181904F27CEC28700B8FEB8 /* Item.swift in Sources */,
				8130A5D627FE6836002E9262 /* DataService.swift in Sources */,
				8181904A27CE824E00B8FEB8 /* ItemRow.swift in Sources */,
				8181903E27CE7BB700B8FEB8 /* ContentView.swift in Sources */,
				8181904C27CEC0BB00B8FEB8 /* ToolbarExample.swift in Sources */,
				81B7616A28048658002D4A1D /* TextFieldModifier.swift in Sources */,
				8181903C27CE7BB700B8FEB8 /* TestsApp.swift in Sources */,
				8181905227CEC2C500B8FEB8 /* ItemListViewModel.swift in Sources */,
			);
			runOnlyForDeploymentPostprocessing = 0;
		};
/* End PBXSourcesBuildPhase section */

/* Begin XCBuildConfiguration section */
		8181904427CE7BB800B8FEB8 /* Debug */ = {
			isa = XCBuildConfiguration;
			buildSettings = {
				ALWAYS_SEARCH_USER_PATHS = NO;
				CLANG_ANALYZER_NONNULL = YES;
				CLANG_ANALYZER_NUMBER_OBJECT_CONVERSION = YES_AGGRESSIVE;
				CLANG_CXX_LANGUAGE_STANDARD = "gnu++17";
				CLANG_CXX_LIBRARY = "libc++";
				CLANG_ENABLE_MODULES = YES;
				CLANG_ENABLE_OBJC_ARC = YES;
				CLANG_ENABLE_OBJC_WEAK = YES;
				CLANG_WARN_BLOCK_CAPTURE_AUTORELEASING = YES;
				CLANG_WARN_BOOL_CONVERSION = YES;
				CLANG_WARN_COMMA = YES;
				CLANG_WARN_CONSTANT_CONVERSION = YES;
				CLANG_WARN_DEPRECATED_OBJC_IMPLEMENTATIONS = YES;
				CLANG_WARN_DIRECT_OBJC_ISA_USAGE = YES_ERROR;
				CLANG_WARN_DOCUMENTATION_COMMENTS = YES;
				CLANG_WARN_EMPTY_BODY = YES;
				CLANG_WARN_ENUM_CONVERSION = YES;
				CLANG_WARN_INFINITE_RECURSION = YES;
				CLANG_WARN_INT_CONVERSION = YES;
				CLANG_WARN_NON_LITERAL_NULL_CONVERSION = YES;
				CLANG_WARN_OBJC_IMPLICIT_RETAIN_SELF = YES;
				CLANG_WARN_OBJC_LITERAL_CONVERSION = YES;
				CLANG_WARN_OBJC_ROOT_CLASS = YES_ERROR;
				CLANG_WARN_QUOTED_INCLUDE_IN_FRAMEWORK_HEADER = YES;
				CLANG_WARN_RANGE_LOOP_ANALYSIS = YES;
				CLANG_WARN_STRICT_PROTOTYPES = YES;
				CLANG_WARN_SUSPICIOUS_MOVE = YES;
				CLANG_WARN_UNGUARDED_AVAILABILITY = YES_AGGRESSIVE;
				CLANG_WARN_UNREACHABLE_CODE = YES;
				CLANG_WARN__DUPLICATE_METHOD_MATCH = YES;
				COPY_PHASE_STRIP = NO;
				DEBUG_INFORMATION_FORMAT = dwarf;
				ENABLE_STRICT_OBJC_MSGSEND = YES;
				ENABLE_TESTABILITY = YES;
				GCC_C_LANGUAGE_STANDARD = gnu11;
				GCC_DYNAMIC_NO_PIC = NO;
				GCC_NO_COMMON_BLOCKS = YES;
				GCC_OPTIMIZATION_LEVEL = 0;
				GCC_PREPROCESSOR_DEFINITIONS = (
					"DEBUG=1",
					"$(inherited)",
				);
				GCC_WARN_64_TO_32_BIT_CONVERSION = YES;
				GCC_WARN_ABOUT_RETURN_TYPE = YES_ERROR;
				GCC_WARN_UNDECLARED_SELECTOR = YES;
				GCC_WARN_UNINITIALIZED_AUTOS = YES_AGGRESSIVE;
				GCC_WARN_UNUSED_FUNCTION = YES;
				GCC_WARN_UNUSED_VARIABLE = YES;
				IPHONEOS_DEPLOYMENT_TARGET = 15.2;
				MTL_ENABLE_DEBUG_INFO = INCLUDE_SOURCE;
				MTL_FAST_MATH = YES;
				ONLY_ACTIVE_ARCH = YES;
				SDKROOT = iphoneos;
				SWIFT_ACTIVE_COMPILATION_CONDITIONS = DEBUG;
				SWIFT_OPTIMIZATION_LEVEL = "-Onone";
			};
			name = Debug;
		};
		8181904527CE7BB800B8FEB8 /* Release */ = {
			isa = XCBuildConfiguration;
			buildSettings = {
				ALWAYS_SEARCH_USER_PATHS = NO;
				CLANG_ANALYZER_NONNULL = YES;
				CLANG_ANALYZER_NUMBER_OBJECT_CONVERSION = YES_AGGRESSIVE;
				CLANG_CXX_LANGUAGE_STANDARD = "gnu++17";
				CLANG_CXX_LIBRARY = "libc++";
				CLANG_ENABLE_MODULES = YES;
				CLANG_ENABLE_OBJC_ARC = YES;
				CLANG_ENABLE_OBJC_WEAK = YES;
				CLANG_WARN_BLOCK_CAPTURE_AUTORELEASING = YES;
				CLANG_WARN_BOOL_CONVERSION = YES;
				CLANG_WARN_COMMA = YES;
				CLANG_WARN_CONSTANT_CONVERSION = YES;
				CLANG_WARN_DEPRECATED_OBJC_IMPLEMENTATIONS = YES;
				CLANG_WARN_DIRECT_OBJC_ISA_USAGE = YES_ERROR;
				CLANG_WARN_DOCUMENTATION_COMMENTS = YES;
				CLANG_WARN_EMPTY_BODY = YES;
				CLANG_WARN_ENUM_CONVERSION = YES;
				CLANG_WARN_INFINITE_RECURSION = YES;
				CLANG_WARN_INT_CONVERSION = YES;
				CLANG_WARN_NON_LITERAL_NULL_CONVERSION = YES;
				CLANG_WARN_OBJC_IMPLICIT_RETAIN_SELF = YES;
				CLANG_WARN_OBJC_LITERAL_CONVERSION = YES;
				CLANG_WARN_OBJC_ROOT_CLASS = YES_ERROR;
				CLANG_WARN_QUOTED_INCLUDE_IN_FRAMEWORK_HEADER = YES;
				CLANG_WARN_RANGE_LOOP_ANALYSIS = YES;
				CLANG_WARN_STRICT_PROTOTYPES = YES;
				CLANG_WARN_SUSPICIOUS_MOVE = YES;
				CLANG_WARN_UNGUARDED_AVAILABILITY = YES_AGGRESSIVE;
				CLANG_WARN_UNREACHABLE_CODE = YES;
				CLANG_WARN__DUPLICATE_METHOD_MATCH = YES;
				COPY_PHASE_STRIP = NO;
				DEBUG_INFORMATION_FORMAT = "dwarf-with-dsym";
				ENABLE_NS_ASSERTIONS = NO;
				ENABLE_STRICT_OBJC_MSGSEND = YES;
				GCC_C_LANGUAGE_STANDARD = gnu11;
				GCC_NO_COMMON_BLOCKS = YES;
				GCC_WARN_64_TO_32_BIT_CONVERSION = YES;
				GCC_WARN_ABOUT_RETURN_TYPE = YES_ERROR;
				GCC_WARN_UNDECLARED_SELECTOR = YES;
				GCC_WARN_UNINITIALIZED_AUTOS = YES_AGGRESSIVE;
				GCC_WARN_UNUSED_FUNCTION = YES;
				GCC_WARN_UNUSED_VARIABLE = YES;
				IPHONEOS_DEPLOYMENT_TARGET = 15.2;
				MTL_ENABLE_DEBUG_INFO = NO;
				MTL_FAST_MATH = YES;
				SDKROOT = iphoneos;
				SWIFT_COMPILATION_MODE = wholemodule;
				SWIFT_OPTIMIZATION_LEVEL = "-O";
				VALIDATE_PRODUCT = YES;
			};
			name = Release;
		};
		8181904727CE7BB800B8FEB8 /* Debug */ = {
			isa = XCBuildConfiguration;
			buildSettings = {
				ASSETCATALOG_COMPILER_APPICON_NAME = AppIcon;
				ASSETCATALOG_COMPILER_GLOBAL_ACCENT_COLOR_NAME = AccentColor;
				CODE_SIGN_STYLE = Automatic;
				CURRENT_PROJECT_VERSION = 1;
				DEVELOPMENT_ASSET_PATHS = "\"Tests/Preview Content\"";
				DEVELOPMENT_TEAM = 8RKLM75R2Q;
				ENABLE_PREVIEWS = YES;
				GENERATE_INFOPLIST_FILE = YES;
				INFOPLIST_KEY_UIApplicationSceneManifest_Generation = YES;
				INFOPLIST_KEY_UIApplicationSupportsIndirectInputEvents = YES;
				INFOPLIST_KEY_UILaunchScreen_Generation = YES;
				INFOPLIST_KEY_UISupportedInterfaceOrientations_iPad = "UIInterfaceOrientationPortrait UIInterfaceOrientationPortraitUpsideDown UIInterfaceOrientationLandscapeLeft UIInterfaceOrientationLandscapeRight";
				INFOPLIST_KEY_UISupportedInterfaceOrientations_iPhone = "UIInterfaceOrientationPortrait UIInterfaceOrientationLandscapeLeft UIInterfaceOrientationLandscapeRight";
				LD_RUNPATH_SEARCH_PATHS = (
					"$(inherited)",
					"@executable_path/Frameworks",
				);
				MARKETING_VERSION = 1.0;
				PRODUCT_BUNDLE_IDENTIFIER = com.andresraigoza.Tests;
				PRODUCT_NAME = "$(TARGET_NAME)";
				SWIFT_EMIT_LOC_STRINGS = YES;
				SWIFT_VERSION = 5.0;
				TARGETED_DEVICE_FAMILY = "1,2";
			};
			name = Debug;
		};
		8181904827CE7BB800B8FEB8 /* Release */ = {
			isa = XCBuildConfiguration;
			buildSettings = {
				ASSETCATALOG_COMPILER_APPICON_NAME = AppIcon;
				ASSETCATALOG_COMPILER_GLOBAL_ACCENT_COLOR_NAME = AccentColor;
				CODE_SIGN_STYLE = Automatic;
				CURRENT_PROJECT_VERSION = 1;
				DEVELOPMENT_ASSET_PATHS = "\"Tests/Preview Content\"";
				DEVELOPMENT_TEAM = 8RKLM75R2Q;
				ENABLE_PREVIEWS = YES;
				GENERATE_INFOPLIST_FILE = YES;
				INFOPLIST_KEY_UIApplicationSceneManifest_Generation = YES;
				INFOPLIST_KEY_UIApplicationSupportsIndirectInputEvents = YES;
				INFOPLIST_KEY_UILaunchScreen_Generation = YES;
				INFOPLIST_KEY_UISupportedInterfaceOrientations_iPad = "UIInterfaceOrientationPortrait UIInterfaceOrientationPortraitUpsideDown UIInterfaceOrientationLandscapeLeft UIInterfaceOrientationLandscapeRight";
				INFOPLIST_KEY_UISupportedInterfaceOrientations_iPhone = "UIInterfaceOrientationPortrait UIInterfaceOrientationLandscapeLeft UIInterfaceOrientationLandscapeRight";
				LD_RUNPATH_SEARCH_PATHS = (
					"$(inherited)",
					"@executable_path/Frameworks",
				);
				MARKETING_VERSION = 1.0;
				PRODUCT_BUNDLE_IDENTIFIER = com.andresraigoza.Tests;
				PRODUCT_NAME = "$(TARGET_NAME)";
				SWIFT_EMIT_LOC_STRINGS = YES;
				SWIFT_VERSION = 5.0;
				TARGETED_DEVICE_FAMILY = "1,2";
			};
			name = Release;
		};
/* End XCBuildConfiguration section */

/* Begin XCConfigurationList section */
		8181903327CE7BB700B8FEB8 /* Build configuration list for PBXProject "Tests" */ = {
			isa = XCConfigurationList;
			buildConfigurations = (
				8181904427CE7BB800B8FEB8 /* Debug */,
				8181904527CE7BB800B8FEB8 /* Release */,
			);
			defaultConfigurationIsVisible = 0;
			defaultConfigurationName = Release;
		};
		8181904627CE7BB800B8FEB8 /* Build configuration list for PBXNativeTarget "Tests" */ = {
			isa = XCConfigurationList;
			buildConfigurations = (
				8181904727CE7BB800B8FEB8 /* Debug */,
				8181904827CE7BB800B8FEB8 /* Release */,
			);
			defaultConfigurationIsVisible = 0;
			defaultConfigurationName = Release;
		};
/* End XCConfigurationList section */

/* Begin XCRemoteSwiftPackageReference section */
		8130A5C827FE63CF002E9262 /* XCRemoteSwiftPackageReference "firebase-ios-sdk" */ = {
			isa = XCRemoteSwiftPackageReference;
			repositoryURL = "https://github.com/firebase/firebase-ios-sdk";
			requirement = {
				kind = upToNextMajorVersion;
				minimumVersion = 8.0.0;
			};
		};
/* End XCRemoteSwiftPackageReference section */

/* Begin XCSwiftPackageProductDependency section */
		8130A5C927FE63CF002E9262 /* FirebaseAnalytics */ = {
			isa = XCSwiftPackageProductDependency;
			package = 8130A5C827FE63CF002E9262 /* XCRemoteSwiftPackageReference "firebase-ios-sdk" */;
			productName = FirebaseAnalytics;
		};
		8130A5CB27FE63CF002E9262 /* FirebaseAuth */ = {
			isa = XCSwiftPackageProductDependency;
			package = 8130A5C827FE63CF002E9262 /* XCRemoteSwiftPackageReference "firebase-ios-sdk" */;
			productName = FirebaseAuth;
		};
		8130A5CD27FE63CF002E9262 /* FirebaseDatabase */ = {
			isa = XCSwiftPackageProductDependency;
			package = 8130A5C827FE63CF002E9262 /* XCRemoteSwiftPackageReference "firebase-ios-sdk" */;
			productName = FirebaseDatabase;
		};
		8130A5CF27FE63CF002E9262 /* FirebaseFirestore */ = {
			isa = XCSwiftPackageProductDependency;
			package = 8130A5C827FE63CF002E9262 /* XCRemoteSwiftPackageReference "firebase-ios-sdk" */;
			productName = FirebaseFirestore;
		};
		8130A5D127FE63CF002E9262 /* FirebaseStorage */ = {
			isa = XCSwiftPackageProductDependency;
			package = 8130A5C827FE63CF002E9262 /* XCRemoteSwiftPackageReference "firebase-ios-sdk" */;
			productName = FirebaseStorage;
		};
/* End XCSwiftPackageProductDependency section */
	};
	rootObject = 8181903027CE7BB700B8FEB8 /* Project object */;
}
